
Microsoft Visual Studio Solution File, Format Version 12.00
# Visual Studio 15
VisualStudioVersion = 15.0.28307.168
MinimumVisualStudioVersion = 10.0.40219.1
Project("{FAE04EC0-301F-11D3-BF4B-00C04F79EFBC}") = "aspDb", "aspDb\aspDb.csproj", "{EED7C802-A80F-4814-956E-F5846854CD37}"
EndProject
Global
	GlobalSection(SolutionConfigurationPlatforms) = preSolution
		Debug|Any CPU = Debug|Any CPU
		Release|Any CPU = Release|Any CPU
	EndGlobalSection
	GlobalSection(ProjectConfigurationPlatforms) = postSolution
		{EED7C802-A80F-4814-956E-F5846854CD37}.Debug|Any CPU.ActiveCfg = Debug|Any CPU
		{EED7C802-A80F-4814-956E-F5846854CD37}.Debug|Any CPU.Build.0 = Debug|Any CPU
		{EED7C802-A80F-4814-956E-F5846854CD37}.Release|Any CPU.ActiveCfg = Release|Any CPU
		{EED7C802-A80F-4814-956E-F5846854CD37}.Release|Any CPU.Build.0 = Release|Any CPU
	EndGlobalSection
	GlobalSection(SolutionProperties) = preSolution
		HideSolutionNode = FALSE
	EndGlobalSection
	GlobalSection(ExtensibilityGlobals) = postSolution
		SolutionGuid = {1CA12455-0CB6-43B9-AD0B-8DA3338D8E95}
	EndGlobalSection
EndGlobal
